
Microsoft Visual Studio Solution File, Format Version 12.00
# Visual Studio Version 17
VisualStudioVersion = 17.10.35013.160
MinimumVisualStudioVersion = 10.0.40219.1
Project("{9A19103F-16F7-4668-BE54-9A1E7A4F7556}") = "MVC.Study.01", "MVC.Study.01\MVC.Study.01.csproj", "{21425374-92EA-47B0-8F40-C6ED1BD18E77}"
EndProject
Project("{FAE04EC0-301F-11D3-BF4B-00C04F79EFBC}") = "CoreProject", "CoreProject\CoreProject.csproj", "{8D8F09C8-87F1-4FE5-B915-8922759FF93D}"
EndProject
Global
	GlobalSection(SolutionConfigurationPlatforms) = preSolution
		Debug|Any CPU = Debug|Any CPU
		Release|Any CPU = Release|Any CPU
	EndGlobalSection
	GlobalSection(ProjectConfigurationPlatforms) = postSolution
		{21425374-92EA-47B0-8F40-C6ED1BD18E77}.Debug|Any CPU.ActiveCfg = Debug|Any CPU
		{21425374-92EA-47B0-8F40-C6ED1BD18E77}.Debug|Any CPU.Build.0 = Debug|Any CPU
		{21425374-92EA-47B0-8F40-C6ED1BD18E77}.Release|Any CPU.ActiveCfg = Release|Any CPU
		{21425374-92EA-47B0-8F40-C6ED1BD18E77}.Release|Any CPU.Build.0 = Release|Any CPU
		{8D8F09C8-87F1-4FE5-B915-8922759FF93D}.Debug|Any CPU.ActiveCfg = Debug|Any CPU
		{8D8F09C8-87F1-4FE5-B915-8922759FF93D}.Debug|Any CPU.Build.0 = Debug|Any CPU
		{8D8F09C8-87F1-4FE5-B915-8922759FF93D}.Release|Any CPU.ActiveCfg = Release|Any CPU
		{8D8F09C8-87F1-4FE5-B915-8922759FF93D}.Release|Any CPU.Build.0 = Release|Any CPU
	EndGlobalSection
	GlobalSection(SolutionProperties) = preSolution
		HideSolutionNode = FALSE
	EndGlobalSection
	GlobalSection(ExtensibilityGlobals) = postSolution
		SolutionGuid = {967A84FC-9E3C-490B-846F-BD8E39640CD6}
	EndGlobalSection
EndGlobal
