
Microsoft Visual Studio Solution File, Format Version 12.00
# Visual Studio Version 17
VisualStudioVersion = 17.10.35013.160
MinimumVisualStudioVersion = 10.0.40219.1
Project("{FAE04EC0-301F-11D3-BF4B-00C04F79EFBC}") = "CustomTagHelper.UI", "CustomTagHelper.UI\CustomTagHelper.UI.csproj", "{DA68EB0B-DAEA-4CE9-8A1F-804994C09D95}"
EndProject
Project("{FAE04EC0-301F-11D3-BF4B-00C04F79EFBC}") = "MVCAttributeRoute.UI", "MVCAttributeRoute.UI\MVCAttributeRoute.UI.csproj", "{CE03DD67-7C98-4265-BC6D-A45862F322C9}"
EndProject
Project("{FAE04EC0-301F-11D3-BF4B-00C04F79EFBC}") = "MVCQueryString.UI", "MVCQueryString.UI\MVCQueryString.UI.csproj", "{D575C980-3774-4C02-8642-64599A2D296D}"
EndProject
Global
	GlobalSection(SolutionConfigurationPlatforms) = preSolution
		Debug|Any CPU = Debug|Any CPU
		Release|Any CPU = Release|Any CPU
	EndGlobalSection
	GlobalSection(ProjectConfigurationPlatforms) = postSolution
		{DA68EB0B-DAEA-4CE9-8A1F-804994C09D95}.Debug|Any CPU.ActiveCfg = Debug|Any CPU
		{DA68EB0B-DAEA-4CE9-8A1F-804994C09D95}.Debug|Any CPU.Build.0 = Debug|Any CPU
		{DA68EB0B-DAEA-4CE9-8A1F-804994C09D95}.Release|Any CPU.ActiveCfg = Release|Any CPU
		{DA68EB0B-DAEA-4CE9-8A1F-804994C09D95}.Release|Any CPU.Build.0 = Release|Any CPU
		{CE03DD67-7C98-4265-BC6D-A45862F322C9}.Debug|Any CPU.ActiveCfg = Debug|Any CPU
		{CE03DD67-7C98-4265-BC6D-A45862F322C9}.Debug|Any CPU.Build.0 = Debug|Any CPU
		{CE03DD67-7C98-4265-BC6D-A45862F322C9}.Release|Any CPU.ActiveCfg = Release|Any CPU
		{CE03DD67-7C98-4265-BC6D-A45862F322C9}.Release|Any CPU.Build.0 = Release|Any CPU
		{D575C980-3774-4C02-8642-64599A2D296D}.Debug|Any CPU.ActiveCfg = Debug|Any CPU
		{D575C980-3774-4C02-8642-64599A2D296D}.Debug|Any CPU.Build.0 = Debug|Any CPU
		{D575C980-3774-4C02-8642-64599A2D296D}.Release|Any CPU.ActiveCfg = Release|Any CPU
		{D575C980-3774-4C02-8642-64599A2D296D}.Release|Any CPU.Build.0 = Release|Any CPU
	EndGlobalSection
	GlobalSection(SolutionProperties) = preSolution
		HideSolutionNode = FALSE
	EndGlobalSection
	GlobalSection(ExtensibilityGlobals) = postSolution
		SolutionGuid = {23551C49-CC06-4608-84B2-1DFE1F4C5164}
	EndGlobalSection
EndGlobal
